
Microsoft Visual Studio Solution File, Format Version 12.00
# Visual Studio Version 17
VisualStudioVersion = 17.5.33627.172
MinimumVisualStudioVersion = 10.0.40219.1
Project("{888888A0-9F3D-457C-B088-3A5042F75D52}") = "PythonVmpReport", "PythonVmpReport\PythonVmpReport.pyproj", "{6608416B-D8F4-4DA1-A326-C4FD8BC569AE}"
EndProject
Global
	GlobalSection(SolutionConfigurationPlatforms) = preSolution
		Debug|Any CPU = Debug|Any CPU
		Release|Any CPU = Release|Any CPU
	EndGlobalSection
	GlobalSection(ProjectConfigurationPlatforms) = postSolution
		{6608416B-D8F4-4DA1-A326-C4FD8BC569AE}.Debug|Any CPU.ActiveCfg = Debug|Any CPU
		{6608416B-D8F4-4DA1-A326-C4FD8BC569AE}.Release|Any CPU.ActiveCfg = Release|Any CPU
	EndGlobalSection
	GlobalSection(SolutionProperties) = preSolution
		HideSolutionNode = FALSE
	EndGlobalSection
	GlobalSection(ExtensibilityGlobals) = postSolution
		SolutionGuid = {5EEF8050-D1F3-4054-964C-8725B3E7D712}
	EndGlobalSection
EndGlobal
