<?xml version="1.0" encoding="utf-8"?>
<Project ToolsVersion="4.0" xmlns="http://schemas.microsoft.com/developer/msbuild/2003">
  <ItemGroup>
    <Filter Include="source">
      <UniqueIdentifier>{f6f67354-82ae-437f-96a5-0e26a84bf1a5}</UniqueIdentifier>
    </Filter>
    <Filter Include="include">
      <UniqueIdentifier>{b4306a74-7cab-489f-9248-febd7f8419e4}</UniqueIdentifier>
    </Filter>
  </ItemGroup>
  <ItemGroup>
    <ClInclude Include="ImageManager.h">
      <Filter>include</Filter>
    </ClInclude>
    <ClInclude Include="TraceFile.h">
      <Filter>include</Filter>
    </ClInclude>
  </ItemGroup>
  <ItemGroup>
    <ClCompile Include="CodeCoverage.cpp">
      <Filter>source</Filter>
    </ClCompile>
    <ClCompile Include="ImageManager.cpp">
      <Filter>source</Filter>
    </ClCompile>
  </ItemGroup>
</Project>